{
  "name": "@pinksundew/mcp",
  "version": "2.1.0",
  "lockfileVersion": 3,
  "requires": true,
  "packages": {
    "": {
      "name": "@pinksundew/mcp",
      "version": "2.1.0",
      "bin": {
        "pinksundew-mcp": "bin/pinksundew-mcp.js"
      },
      "devDependencies": {},
      "engines": {
        "node": ">=20"
      }
    }
  }
}
